
Microsoft Visual Studio Solution File, Format Version 12.00
Project("{FAE04EC0-301F-11D3-BF4B-00C04F79EFBC}") = "AT_CSharp2025", "AT_CSharp2025.csproj", "{3ABB3055-FF96-486B-A355-633EB141482D}"
EndProject
Global
	GlobalSection(SolutionConfigurationPlatforms) = preSolution
		Debug|Any CPU = Debug|Any CPU
		Release|Any CPU = Release|Any CPU
	EndGlobalSection
	GlobalSection(ProjectConfigurationPlatforms) = postSolution
		{3ABB3055-FF96-486B-A355-633EB141482D}.Debug|Any CPU.ActiveCfg = Debug|Any CPU
		{3ABB3055-FF96-486B-A355-633EB141482D}.Debug|Any CPU.Build.0 = Debug|Any CPU
		{3ABB3055-FF96-486B-A355-633EB141482D}.Release|Any CPU.ActiveCfg = Release|Any CPU
		{3ABB3055-FF96-486B-A355-633EB141482D}.Release|Any CPU.Build.0 = Release|Any CPU
	EndGlobalSection
EndGlobal
